
Microsoft Visual Studio Solution File, Format Version 12.00
# Visual Studio Version 17
VisualStudioVersion = 17.3.32901.215
MinimumVisualStudioVersion = 10.0.40219.1
Project("{FAE04EC0-301F-11D3-BF4B-00C04F79EFBC}") = "Wildfire ICS Assist", "Wildfire ICS Assist\Wildfire ICS Assist.csproj", "{72934FFD-ADD6-4050-884A-CA77FB3D3262}"
EndProject
Project("{FAE04EC0-301F-11D3-BF4B-00C04F79EFBC}") = "WF-ICS-ClassLibrary", "WF-ICS-ClassLibrary\WF-ICS-ClassLibrary.csproj", "{D475AFBF-741A-4897-B9DD-284EC0DA210F}"
EndProject
Project("{FAE04EC0-301F-11D3-BF4B-00C04F79EFBC}") = "WildfireICSDesktopServices", "WildfireICSDesktopServices\WildfireICSDesktopServices.csproj", "{7B090711-F8D7-406F-9DCD-F70082F6B27E}"
EndProject
Project("{B7DD6F7E-DEF8-4E67-B5B7-07EF123DB6F0}") = "CIAPPO Installer Project", "CIAPPO Installer Project\CIAPPO Installer Project.wixproj", "{78EF13DF-20E0-4B36-A992-7159DC1BA02D}"
EndProject
Project("{FAE04EC0-301F-11D3-BF4B-00C04F79EFBC}") = "ProtobufSerializer", "ProtobufSerializer\ProtobufSerializer.csproj", "{F27E4076-1DDC-485F-9A75-915A74D7958D}"
EndProject
Global
	GlobalSection(SolutionConfigurationPlatforms) = preSolution
		Debug|Any CPU = Debug|Any CPU
		Debug|ARM64 = Debug|ARM64
		Debug|x64 = Debug|x64
		Debug|x86 = Debug|x86
		Release|Any CPU = Release|Any CPU
		Release|ARM64 = Release|ARM64
		Release|x64 = Release|x64
		Release|x86 = Release|x86
	EndGlobalSection
	GlobalSection(ProjectConfigurationPlatforms) = postSolution
		{72934FFD-ADD6-4050-884A-CA77FB3D3262}.Debug|Any CPU.ActiveCfg = Debug|Any CPU
		{72934FFD-ADD6-4050-884A-CA77FB3D3262}.Debug|Any CPU.Build.0 = Debug|Any CPU
		{72934FFD-ADD6-4050-884A-CA77FB3D3262}.Debug|ARM64.ActiveCfg = Debug|Any CPU
		{72934FFD-ADD6-4050-884A-CA77FB3D3262}.Debug|ARM64.Build.0 = Debug|Any CPU
		{72934FFD-ADD6-4050-884A-CA77FB3D3262}.Debug|x64.ActiveCfg = Debug|Any CPU
		{72934FFD-ADD6-4050-884A-CA77FB3D3262}.Debug|x64.Build.0 = Debug|Any CPU
		{72934FFD-ADD6-4050-884A-CA77FB3D3262}.Debug|x86.ActiveCfg = Debug|Any CPU
		{72934FFD-ADD6-4050-884A-CA77FB3D3262}.Debug|x86.Build.0 = Debug|Any CPU
		{72934FFD-ADD6-4050-884A-CA77FB3D3262}.Release|Any CPU.ActiveCfg = Release|Any CPU
		{72934FFD-ADD6-4050-884A-CA77FB3D3262}.Release|Any CPU.Build.0 = Release|Any CPU
		{72934FFD-ADD6-4050-884A-CA77FB3D3262}.Release|ARM64.ActiveCfg = Release|Any CPU
		{72934FFD-ADD6-4050-884A-CA77FB3D3262}.Release|ARM64.Build.0 = Release|Any CPU
		{72934FFD-ADD6-4050-884A-CA77FB3D3262}.Release|x64.ActiveCfg = Release|Any CPU
		{72934FFD-ADD6-4050-884A-CA77FB3D3262}.Release|x64.Build.0 = Release|Any CPU
		{72934FFD-ADD6-4050-884A-CA77FB3D3262}.Release|x86.ActiveCfg = Release|Any CPU
		{72934FFD-ADD6-4050-884A-CA77FB3D3262}.Release|x86.Build.0 = Release|Any CPU
		{D475AFBF-741A-4897-B9DD-284EC0DA210F}.Debug|Any CPU.ActiveCfg = Debug|Any CPU
		{D475AFBF-741A-4897-B9DD-284EC0DA210F}.Debug|Any CPU.Build.0 = Debug|Any CPU
		{D475AFBF-741A-4897-B9DD-284EC0DA210F}.Debug|ARM64.ActiveCfg = Debug|Any CPU
		{D475AFBF-741A-4897-B9DD-284EC0DA210F}.Debug|ARM64.Build.0 = Debug|Any CPU
		{D475AFBF-741A-4897-B9DD-284EC0DA210F}.Debug|x64.ActiveCfg = Debug|Any CPU
		{D475AFBF-741A-4897-B9DD-284EC0DA210F}.Debug|x64.Build.0 = Debug|Any CPU
		{D475AFBF-741A-4897-B9DD-284EC0DA210F}.Debug|x86.ActiveCfg = Debug|Any CPU
		{D475AFBF-741A-4897-B9DD-284EC0DA210F}.Debug|x86.Build.0 = Debug|Any CPU
		{D475AFBF-741A-4897-B9DD-284EC0DA210F}.Release|Any CPU.ActiveCfg = Release|Any CPU
		{D475AFBF-741A-4897-B9DD-284EC0DA210F}.Release|Any CPU.Build.0 = Release|Any CPU
		{D475AFBF-741A-4897-B9DD-284EC0DA210F}.Release|ARM64.ActiveCfg = Release|Any CPU
		{D475AFBF-741A-4897-B9DD-284EC0DA210F}.Release|ARM64.Build.0 = Release|Any CPU
		{D475AFBF-741A-4897-B9DD-284EC0DA210F}.Release|x64.ActiveCfg = Release|Any CPU
		{D475AFBF-741A-4897-B9DD-284EC0DA210F}.Release|x64.Build.0 = Release|Any CPU
		{D475AFBF-741A-4897-B9DD-284EC0DA210F}.Release|x86.ActiveCfg = Release|Any CPU
		{D475AFBF-741A-4897-B9DD-284EC0DA210F}.Release|x86.Build.0 = Release|Any CPU
		{7B090711-F8D7-406F-9DCD-F70082F6B27E}.Debug|Any CPU.ActiveCfg = Debug|Any CPU
		{7B090711-F8D7-406F-9DCD-F70082F6B27E}.Debug|Any CPU.Build.0 = Debug|Any CPU
		{7B090711-F8D7-406F-9DCD-F70082F6B27E}.Debug|ARM64.ActiveCfg = Debug|Any CPU
		{7B090711-F8D7-406F-9DCD-F70082F6B27E}.Debug|ARM64.Build.0 = Debug|Any CPU
		{7B090711-F8D7-406F-9DCD-F70082F6B27E}.Debug|x64.ActiveCfg = Debug|Any CPU
		{7B090711-F8D7-406F-9DCD-F70082F6B27E}.Debug|x64.Build.0 = Debug|Any CPU
		{7B090711-F8D7-406F-9DCD-F70082F6B27E}.Debug|x86.ActiveCfg = Debug|Any CPU
		{7B090711-F8D7-406F-9DCD-F70082F6B27E}.Debug|x86.Build.0 = Debug|Any CPU
		{7B090711-F8D7-406F-9DCD-F70082F6B27E}.Release|Any CPU.ActiveCfg = Release|Any CPU
		{7B090711-F8D7-406F-9DCD-F70082F6B27E}.Release|Any CPU.Build.0 = Release|Any CPU
		{7B090711-F8D7-406F-9DCD-F70082F6B27E}.Release|ARM64.ActiveCfg = Release|Any CPU
		{7B090711-F8D7-406F-9DCD-F70082F6B27E}.Release|ARM64.Build.0 = Release|Any CPU
		{7B090711-F8D7-406F-9DCD-F70082F6B27E}.Release|x64.ActiveCfg = Release|Any CPU
		{7B090711-F8D7-406F-9DCD-F70082F6B27E}.Release|x64.Build.0 = Release|Any CPU
		{7B090711-F8D7-406F-9DCD-F70082F6B27E}.Release|x86.ActiveCfg = Release|Any CPU
		{7B090711-F8D7-406F-9DCD-F70082F6B27E}.Release|x86.Build.0 = Release|Any CPU
		{78EF13DF-20E0-4B36-A992-7159DC1BA02D}.Debug|Any CPU.ActiveCfg = Debug|x64
		{78EF13DF-20E0-4B36-A992-7159DC1BA02D}.Debug|ARM64.ActiveCfg = Debug|ARM64
		{78EF13DF-20E0-4B36-A992-7159DC1BA02D}.Debug|ARM64.Build.0 = Debug|ARM64
		{78EF13DF-20E0-4B36-A992-7159DC1BA02D}.Debug|x64.ActiveCfg = Debug|x64
		{78EF13DF-20E0-4B36-A992-7159DC1BA02D}.Debug|x64.Build.0 = Debug|x64
		{78EF13DF-20E0-4B36-A992-7159DC1BA02D}.Debug|x86.ActiveCfg = Debug|x86
		{78EF13DF-20E0-4B36-A992-7159DC1BA02D}.Debug|x86.Build.0 = Debug|x86
		{78EF13DF-20E0-4B36-A992-7159DC1BA02D}.Release|Any CPU.ActiveCfg = Release|x64
		{78EF13DF-20E0-4B36-A992-7159DC1BA02D}.Release|Any CPU.Build.0 = Release|x64
		{78EF13DF-20E0-4B36-A992-7159DC1BA02D}.Release|ARM64.ActiveCfg = Release|ARM64
		{78EF13DF-20E0-4B36-A992-7159DC1BA02D}.Release|ARM64.Build.0 = Release|ARM64
		{78EF13DF-20E0-4B36-A992-7159DC1BA02D}.Release|x64.ActiveCfg = Release|x64
		{78EF13DF-20E0-4B36-A992-7159DC1BA02D}.Release|x64.Build.0 = Release|x64
		{78EF13DF-20E0-4B36-A992-7159DC1BA02D}.Release|x86.ActiveCfg = Release|x86
		{78EF13DF-20E0-4B36-A992-7159DC1BA02D}.Release|x86.Build.0 = Release|x86
		{F27E4076-1DDC-485F-9A75-915A74D7958D}.Debug|Any CPU.ActiveCfg = Debug|Any CPU
		{F27E4076-1DDC-485F-9A75-915A74D7958D}.Debug|Any CPU.Build.0 = Debug|Any CPU
		{F27E4076-1DDC-485F-9A75-915A74D7958D}.Debug|ARM64.ActiveCfg = Debug|Any CPU
		{F27E4076-1DDC-485F-9A75-915A74D7958D}.Debug|ARM64.Build.0 = Debug|Any CPU
		{F27E4076-1DDC-485F-9A75-915A74D7958D}.Debug|x64.ActiveCfg = Debug|Any CPU
		{F27E4076-1DDC-485F-9A75-915A74D7958D}.Debug|x64.Build.0 = Debug|Any CPU
		{F27E4076-1DDC-485F-9A75-915A74D7958D}.Debug|x86.ActiveCfg = Debug|Any CPU
		{F27E4076-1DDC-485F-9A75-915A74D7958D}.Debug|x86.Build.0 = Debug|Any CPU
		{F27E4076-1DDC-485F-9A75-915A74D7958D}.Release|Any CPU.ActiveCfg = Release|Any CPU
		{F27E4076-1DDC-485F-9A75-915A74D7958D}.Release|Any CPU.Build.0 = Release|Any CPU
		{F27E4076-1DDC-485F-9A75-915A74D7958D}.Release|ARM64.ActiveCfg = Release|Any CPU
		{F27E4076-1DDC-485F-9A75-915A74D7958D}.Release|ARM64.Build.0 = Release|Any CPU
		{F27E4076-1DDC-485F-9A75-915A74D7958D}.Release|x64.ActiveCfg = Release|Any CPU
		{F27E4076-1DDC-485F-9A75-915A74D7958D}.Release|x64.Build.0 = Release|Any CPU
		{F27E4076-1DDC-485F-9A75-915A74D7958D}.Release|x86.ActiveCfg = Release|Any CPU
		{F27E4076-1DDC-485F-9A75-915A74D7958D}.Release|x86.Build.0 = Release|Any CPU
	EndGlobalSection
	GlobalSection(SolutionProperties) = preSolution
		HideSolutionNode = FALSE
	EndGlobalSection
	GlobalSection(ExtensibilityGlobals) = postSolution
		SolutionGuid = {F18D4CBE-D2B8-4412-BC5D-8797A94CADE6}
	EndGlobalSection
EndGlobal
