
Microsoft Visual Studio Solution File, Format Version 12.00
# Visual Studio Version 17
VisualStudioVersion = 17.3.32901.215
MinimumVisualStudioVersion = 10.0.40219.1
Project("{FAE04EC0-301F-11D3-BF4B-00C04F79EFBC}") = "Wildfire ICS Assist", "Wildfire ICS Assist\Wildfire ICS Assist.csproj", "{72934FFD-ADD6-4050-884A-CA77FB3D3262}"
EndProject
Project("{FAE04EC0-301F-11D3-BF4B-00C04F79EFBC}") = "WF-ICS-ClassLibrary", "WF-ICS-ClassLibrary\WF-ICS-ClassLibrary.csproj", "{D475AFBF-741A-4897-B9DD-284EC0DA210F}"
EndProject
Project("{FAE04EC0-301F-11D3-BF4B-00C04F79EFBC}") = "WildfireICSDesktopServices", "WildfireICSDesktopServices\WildfireICSDesktopServices.csproj", "{7B090711-F8D7-406F-9DCD-F70082F6B27E}"
EndProject
Global
	GlobalSection(SolutionConfigurationPlatforms) = preSolution
		Debug|Any CPU = Debug|Any CPU
		Release|Any CPU = Release|Any CPU
	EndGlobalSection
	GlobalSection(ProjectConfigurationPlatforms) = postSolution
		{72934FFD-ADD6-4050-884A-CA77FB3D3262}.Debug|Any CPU.ActiveCfg = Debug|Any CPU
		{72934FFD-ADD6-4050-884A-CA77FB3D3262}.Debug|Any CPU.Build.0 = Debug|Any CPU
		{72934FFD-ADD6-4050-884A-CA77FB3D3262}.Release|Any CPU.ActiveCfg = Release|Any CPU
		{72934FFD-ADD6-4050-884A-CA77FB3D3262}.Release|Any CPU.Build.0 = Release|Any CPU
		{D475AFBF-741A-4897-B9DD-284EC0DA210F}.Debug|Any CPU.ActiveCfg = Debug|Any CPU
		{D475AFBF-741A-4897-B9DD-284EC0DA210F}.Debug|Any CPU.Build.0 = Debug|Any CPU
		{D475AFBF-741A-4897-B9DD-284EC0DA210F}.Release|Any CPU.ActiveCfg = Release|Any CPU
		{D475AFBF-741A-4897-B9DD-284EC0DA210F}.Release|Any CPU.Build.0 = Release|Any CPU
		{7B090711-F8D7-406F-9DCD-F70082F6B27E}.Debug|Any CPU.ActiveCfg = Debug|Any CPU
		{7B090711-F8D7-406F-9DCD-F70082F6B27E}.Debug|Any CPU.Build.0 = Debug|Any CPU
		{7B090711-F8D7-406F-9DCD-F70082F6B27E}.Release|Any CPU.ActiveCfg = Release|Any CPU
		{7B090711-F8D7-406F-9DCD-F70082F6B27E}.Release|Any CPU.Build.0 = Release|Any CPU
	EndGlobalSection
	GlobalSection(SolutionProperties) = preSolution
		HideSolutionNode = FALSE
	EndGlobalSection
	GlobalSection(ExtensibilityGlobals) = postSolution
		SolutionGuid = {F18D4CBE-D2B8-4412-BC5D-8797A94CADE6}
	EndGlobalSection
EndGlobal
